# Generated by buf. DO NOT EDIT.
version: v1
deps:
  - remote: buf.build
    owner: bufbuild
    repository: confluent
    commit: 0831d49ebe5a4740b9fb125cc27b6b1c
    digest: shake256:68b52a97a3c5e8366648d22cf14343a2a979da9fa5772e9d7bfb877a22e9b73a372c44d9f88081423974a3183a9731c2f448092ed887bb1257643208884357c6
