# Generated by buf. DO NOT EDIT.
version: v1
deps:
  - remote: buf-gophercon.buf.dev
    owner: bufbuild
    repository: confluent
    commit: ee8a085b59824ddb8b6d87a2d2c0999f
    digest: shake256:07e4219fb6a56476644422997ef3abd2a30a4062187b001610ddec74cdf118da6ae30463cfa169a90766f89b4261578dd1366dabf045646e516b78a25a0419a2
